
Microsoft Visual Studio Solution File, Format Version 12.00
# Visual Studio Version 17
VisualStudioVersion = 17.11.35312.102
MinimumVisualStudioVersion = 10.0.40219.1
Project("{FAE04EC0-301F-11D3-BF4B-00C04F79EFBC}") = "CinemaDB", "CinemaDB\CinemaDB.csproj", "{4AA9AEB3-1D45-4AA4-BDAF-70AECC89A243}"
EndProject
Global
	GlobalSection(SolutionConfigurationPlatforms) = preSolution
		Debug|Any CPU = Debug|Any CPU
		Release|Any CPU = Release|Any CPU
	EndGlobalSection
	GlobalSection(ProjectConfigurationPlatforms) = postSolution
		{4AA9AEB3-1D45-4AA4-BDAF-70AECC89A243}.Debug|Any CPU.ActiveCfg = Debug|Any CPU
		{4AA9AEB3-1D45-4AA4-BDAF-70AECC89A243}.Debug|Any CPU.Build.0 = Debug|Any CPU
		{4AA9AEB3-1D45-4AA4-BDAF-70AECC89A243}.Release|Any CPU.ActiveCfg = Release|Any CPU
		{4AA9AEB3-1D45-4AA4-BDAF-70AECC89A243}.Release|Any CPU.Build.0 = Release|Any CPU
	EndGlobalSection
	GlobalSection(SolutionProperties) = preSolution
		HideSolutionNode = FALSE
	EndGlobalSection
	GlobalSection(ExtensibilityGlobals) = postSolution
		SolutionGuid = {DA29D74F-EFEF-4DC4-B228-F8240FEA4719}
	EndGlobalSection
EndGlobal
